# .forge-lock.yaml — DO NOT EDIT MANUALLY
# Generated by forge. Changes will be overwritten on sync.
blueprint:
    registry_url: /Users/donaldgifford/code/forge-registry
    name: std
    path: std
created_at: 2026-03-20T12:33:57.271651Z
last_synced: 2026-03-20T12:33:57.271651Z
forge_version: 0.2.0
variables:
    project_name: renovate-config
defaults:
    - path: .checkmake.ini
      source: registry-default
      strategy: overwrite
      hash: sha256:123f1dc4a0f6e608cd57546d72894791ef719ad07cc0fdd53016d57557cb9284
    - path: .docz.yaml
      source: registry-default
      strategy: overwrite
      hash: sha256:48a4f9865ce9111e9e06641dd2a8a98e0391fc5ec8124b451c1ba58887b0b4ee
    - path: .github/labeler.yml
      source: registry-default
      strategy: overwrite
      hash: sha256:d249f58945cdffbb34b9cf9a50e12e82394e09413d14657771d8e3fe4408b81f
    - path: .github/workflows/pr-labels.yml
      source: registry-default
      strategy: overwrite
      hash: sha256:4a63cbdef4ccb5d64e396bf8f51fd383c0b24022c8740a07892f6efea29283c3
    - path: .gitignore
      source: registry-default
      strategy: overwrite
      hash: sha256:7146a544bdbfdbe6b10d072cfd53f03b415779b16e192d4173956e01c7974ddc
    - path: .makefmt.yml
      source: registry-default
      strategy: overwrite
      hash: sha256:c56b8f4be0b7722a0e8fda97faf4d8c29e4ff75193acf663bf5a5b0e7fbf4808
    - path: .markdownlint.yaml
      source: registry-default
      strategy: overwrite
      hash: sha256:dc9182bd0b399616bd2b6933eb4b2a756674cedb43dbea914cf61f9180e3fc92
    - path: .prettierrc.yaml
      source: registry-default
      strategy: overwrite
      hash: sha256:e99c5ae311d20d79de949b5fad46682f4cc153d431118eefbb4dbb3f79f6c64d
    - path: .yamlfmt.yml
      source: registry-default
      strategy: overwrite
      hash: sha256:d214a4f56043cad5e01bd70e3530155df3bf7372bd2571aba87bcee0c1dcca73
    - path: .yamllint.yml
      source: registry-default
      strategy: overwrite
      hash: sha256:3f8575b37ea4a59395110326535d36573208fc6495ac47e357512fa7b8bbf7a9
